// !$*UTF8*$!
{
	archiveVersion = 1;
	classes = {
	};
	objectVersion = 56;
	objects = {

/* Begin PBXBuildFile section */
		DA0998082B5E87A70081BD13 /* IntroView.swift in Sources */ = {isa = PBXBuildFile; fileRef = DA0998072B5E87A70081BD13 /* IntroView.swift */; };
		DA0C208C2B3E9F97000E2D6E /* CacheAsyncImage.swift in Sources */ = {isa = PBXBuildFile; fileRef = DA0C208B2B3E9F97000E2D6E /* CacheAsyncImage.swift */; };
		DA207A1A2B6028B7001F8923 /* IconsView.swift in Sources */ = {isa = PBXBuildFile; fileRef = DA207A192B6028B7001F8923 /* IconsView.swift */; };
		DA24E45A2C6FA57A00246681 /* ConfettiView.swift in Sources */ = {isa = PBXBuildFile; fileRef = DA24E4592C6FA57A00246681 /* ConfettiView.swift */; };
		DA24E45E2C70197800246681 /* GlassModifier.swift in Sources */ = {isa = PBXBuildFile; fileRef = DA24E45D2C70197800246681 /* GlassModifier.swift */; };
		DA24E4602C701C0300246681 /* LabelStyle.swift in Sources */ = {isa = PBXBuildFile; fileRef = DA24E45F2C701C0300246681 /* LabelStyle.swift */; };
		DA24E4622C70205A00246681 /* AddLibraryView.swift in Sources */ = {isa = PBXBuildFile; fileRef = DA24E4612C70205A00246681 /* AddLibraryView.swift */; };
		DA24E4662C714F6900246681 /* ContentType.swift in Sources */ = {isa = PBXBuildFile; fileRef = DA24E4652C714F6900246681 /* ContentType.swift */; };
		DA24E4682C7161A000246681 /* MarqueeView.swift in Sources */ = {isa = PBXBuildFile; fileRef = DA24E4672C7161A000246681 /* MarqueeView.swift */; };
		DA24E46A2C7161C700246681 /* CustomSelectionView.swift in Sources */ = {isa = PBXBuildFile; fileRef = DA24E4692C7161C700246681 /* CustomSelectionView.swift */; };
		DA24E46C2C7166F400246681 /* LibraryView.swift in Sources */ = {isa = PBXBuildFile; fileRef = DA24E46B2C7166F400246681 /* LibraryView.swift */; };
		DA24E46E2C72057E00246681 /* FloatingSheet.swift in Sources */ = {isa = PBXBuildFile; fileRef = DA24E46D2C72057E00246681 /* FloatingSheet.swift */; };
		DA24E4702C72058D00246681 /* SampleSheet.swift in Sources */ = {isa = PBXBuildFile; fileRef = DA24E46F2C72058D00246681 /* SampleSheet.swift */; };
		DA27972E2B5AA7E40042E59B /* DataType.swift in Sources */ = {isa = PBXBuildFile; fileRef = DA27972D2B5AA7E40042E59B /* DataType.swift */; };
		DA43CE1D2B30B61500DAE0B6 /* SpeeltuinApp.swift in Sources */ = {isa = PBXBuildFile; fileRef = DA43CE1C2B30B61500DAE0B6 /* SpeeltuinApp.swift */; };
		DA43CE212B30B61500DAE0B6 /* Assets.xcassets in Resources */ = {isa = PBXBuildFile; fileRef = DA43CE202B30B61500DAE0B6 /* Assets.xcassets */; };
		DA43CE242B30B61500DAE0B6 /* Preview Assets.xcassets in Resources */ = {isa = PBXBuildFile; fileRef = DA43CE232B30B61500DAE0B6 /* Preview Assets.xcassets */; };
		DA43CE362B30B65500DAE0B6 /* Blur.swift in Sources */ = {isa = PBXBuildFile; fileRef = DA43CE302B30B65500DAE0B6 /* Blur.swift */; };
		DA43CE372B30B65500DAE0B6 /* View+Extensions.swift in Sources */ = {isa = PBXBuildFile; fileRef = DA43CE312B30B65500DAE0B6 /* View+Extensions.swift */; };
		DA43CE382B30B65500DAE0B6 /* Constants.swift in Sources */ = {isa = PBXBuildFile; fileRef = DA43CE322B30B65500DAE0B6 /* Constants.swift */; };
		DA43CE392B30B65500DAE0B6 /* AsyncImageView.swift in Sources */ = {isa = PBXBuildFile; fileRef = DA43CE332B30B65500DAE0B6 /* AsyncImageView.swift */; };
		DA43CE3A2B30B65500DAE0B6 /* Int+Extension.swift in Sources */ = {isa = PBXBuildFile; fileRef = DA43CE342B30B65500DAE0B6 /* Int+Extension.swift */; };
		DA43CE412B30B65E00DAE0B6 /* GamesViewModel.swift in Sources */ = {isa = PBXBuildFile; fileRef = DA43CE3E2B30B65E00DAE0B6 /* GamesViewModel.swift */; };
		DA43CE4B2B30B66B00DAE0B6 /* AccessToken.swift in Sources */ = {isa = PBXBuildFile; fileRef = DA43CE422B30B66B00DAE0B6 /* AccessToken.swift */; };
		DA43CE4C2B30B66B00DAE0B6 /* APICalypse.swift in Sources */ = {isa = PBXBuildFile; fileRef = DA43CE432B30B66B00DAE0B6 /* APICalypse.swift */; };
		DA43CE4D2B30B66B00DAE0B6 /* PopularPlatform.swift in Sources */ = {isa = PBXBuildFile; fileRef = DA43CE442B30B66B00DAE0B6 /* PopularPlatform.swift */; };
		DA43CE4E2B30B66B00DAE0B6 /* DataFetchPhase.swift in Sources */ = {isa = PBXBuildFile; fileRef = DA43CE452B30B66B00DAE0B6 /* DataFetchPhase.swift */; };
		DA43CE4F2B30B66B00DAE0B6 /* Category.swift in Sources */ = {isa = PBXBuildFile; fileRef = DA43CE462B30B66B00DAE0B6 /* Category.swift */; };
		DA43CE502B30B66B00DAE0B6 /* PopularGenre.swift in Sources */ = {isa = PBXBuildFile; fileRef = DA43CE472B30B66B00DAE0B6 /* PopularGenre.swift */; };
		DA43CE512B30B66B00DAE0B6 /* MultiQueryModel.swift in Sources */ = {isa = PBXBuildFile; fileRef = DA43CE482B30B66B00DAE0B6 /* MultiQueryModel.swift */; };
		DA43CE522B30B66B00DAE0B6 /* FetchTaskToken.swift in Sources */ = {isa = PBXBuildFile; fileRef = DA43CE492B30B66B00DAE0B6 /* FetchTaskToken.swift */; };
		DA43CE532B30B66B00DAE0B6 /* Game.swift in Sources */ = {isa = PBXBuildFile; fileRef = DA43CE4A2B30B66B00DAE0B6 /* Game.swift */; };
		DA43CE5B2B30B69100DAE0B6 /* MainView.swift in Sources */ = {isa = PBXBuildFile; fileRef = DA43CE592B30B69100DAE0B6 /* MainView.swift */; };
		DA43CE652B30B6CD00DAE0B6 /* DataStore.swift in Sources */ = {isa = PBXBuildFile; fileRef = DA43CE602B30B6CD00DAE0B6 /* DataStore.swift */; };
		DA43CE672B30B6CD00DAE0B6 /* HapticsManager.swift in Sources */ = {isa = PBXBuildFile; fileRef = DA43CE622B30B6CD00DAE0B6 /* HapticsManager.swift */; };
		DA43CE682B30B6CD00DAE0B6 /* NetworkManager.swift in Sources */ = {isa = PBXBuildFile; fileRef = DA43CE632B30B6CD00DAE0B6 /* NetworkManager.swift */; };
		DA43CE692B30B6CD00DAE0B6 /* PagingData.swift in Sources */ = {isa = PBXBuildFile; fileRef = DA43CE642B30B6CD00DAE0B6 /* PagingData.swift */; };
		DA43CE6F2B30B6F200DAE0B6 /* CacheEntry.swift in Sources */ = {isa = PBXBuildFile; fileRef = DA43CE6A2B30B6F200DAE0B6 /* CacheEntry.swift */; };
		DA43CE702B30B6F200DAE0B6 /* KeysTracker.swift in Sources */ = {isa = PBXBuildFile; fileRef = DA43CE6B2B30B6F200DAE0B6 /* KeysTracker.swift */; };
		DA43CE712B30B6F200DAE0B6 /* Cache.swift in Sources */ = {isa = PBXBuildFile; fileRef = DA43CE6C2B30B6F200DAE0B6 /* Cache.swift */; };
		DA43CE722B30B6F200DAE0B6 /* CacheImplementation.swift in Sources */ = {isa = PBXBuildFile; fileRef = DA43CE6D2B30B6F200DAE0B6 /* CacheImplementation.swift */; };
		DA43CE732B30B6F200DAE0B6 /* CacheManager.swift in Sources */ = {isa = PBXBuildFile; fileRef = DA43CE6E2B30B6F200DAE0B6 /* CacheManager.swift */; };
		DA43CE7B2B31D35900DAE0B6 /* ListItemView.swift in Sources */ = {isa = PBXBuildFile; fileRef = DA43CE7A2B31D35900DAE0B6 /* ListItemView.swift */; };
		DA44660D2B48747100361071 /* GradientMask.swift in Sources */ = {isa = PBXBuildFile; fileRef = DA44660C2B48747100361071 /* GradientMask.swift */; };
		DA4466122B49DE5000361071 /* FeedKit in Frameworks */ = {isa = PBXBuildFile; productRef = DA4466112B49DE5000361071 /* FeedKit */; };
		DA4466152B49DEB000361071 /* NewsViewModel.swift in Sources */ = {isa = PBXBuildFile; fileRef = DA4466142B49DEB000361071 /* NewsViewModel.swift */; };
		DA4466182B49E43C00361071 /* NewsTab.swift in Sources */ = {isa = PBXBuildFile; fileRef = DA4466172B49E43C00361071 /* NewsTab.swift */; };
		DA44661C2B4AE90800361071 /* Date+Extension.swift in Sources */ = {isa = PBXBuildFile; fileRef = DA44661B2B4AE90800361071 /* Date+Extension.swift */; };
		DA4466222B4B77B600361071 /* NewsType.swift in Sources */ = {isa = PBXBuildFile; fileRef = DA4466212B4B77B500361071 /* NewsType.swift */; };
		DA4B1BE12B43948200EA3E8F /* LibraryType.swift in Sources */ = {isa = PBXBuildFile; fileRef = DA4B1BE02B43948200EA3E8F /* LibraryType.swift */; };
		DA4B1BE82B43A71700EA3E8F /* Feedback+Enum.swift in Sources */ = {isa = PBXBuildFile; fileRef = DA4B1BE42B43A71700EA3E8F /* Feedback+Enum.swift */; };
		DA4B1BE92B43A71700EA3E8F /* SupportEmail.swift in Sources */ = {isa = PBXBuildFile; fileRef = DA4B1BE52B43A71700EA3E8F /* SupportEmail.swift */; };
		DA4B1BEA2B43A71700EA3E8F /* MailView.swift in Sources */ = {isa = PBXBuildFile; fileRef = DA4B1BE62B43A71700EA3E8F /* MailView.swift */; };
		DA4B1BEC2B43A7B100EA3E8F /* Bundle+Ext.swift in Sources */ = {isa = PBXBuildFile; fileRef = DA4B1BEB2B43A7B100EA3E8F /* Bundle+Ext.swift */; };
		DA4B1BF02B43AA5100EA3E8F /* AboutView.swift in Sources */ = {isa = PBXBuildFile; fileRef = DA4B1BEE2B43AA5100EA3E8F /* AboutView.swift */; };
		DA4B1BF22B43C7B000EA3E8F /* Notification+Name.swift in Sources */ = {isa = PBXBuildFile; fileRef = DA4B1BF12B43C7B000EA3E8F /* Notification+Name.swift */; };
		DA4B1BF42B43C86200EA3E8F /* Bag.swift in Sources */ = {isa = PBXBuildFile; fileRef = DA4B1BF32B43C86200EA3E8F /* Bag.swift */; };
		DA4B1BF82B43CD7E00EA3E8F /* Admin.swift in Sources */ = {isa = PBXBuildFile; fileRef = DA4B1BF72B43CD7E00EA3E8F /* Admin.swift */; };
		DA4B1BFB2B44568000EA3E8F /* DataManager.swift in Sources */ = {isa = PBXBuildFile; fileRef = DA4B1BFA2B44568000EA3E8F /* DataManager.swift */; };
		DA4B1C002B4460CF00EA3E8F /* Connectivity in Frameworks */ = {isa = PBXBuildFile; productRef = DA4B1BFF2B4460CF00EA3E8F /* Connectivity */; };
		DA4B1C042B44A32F00EA3E8F /* GamesCollectionView.swift in Sources */ = {isa = PBXBuildFile; fileRef = DA4B1C032B44A32F00EA3E8F /* GamesCollectionView.swift */; };
		DA4B1C082B44CB9400EA3E8F /* SavedGame.swift in Sources */ = {isa = PBXBuildFile; fileRef = DA4B1C072B44CB9400EA3E8F /* SavedGame.swift */; };
		DA4B1C0A2B44DA6E00EA3E8F /* Rating.swift in Sources */ = {isa = PBXBuildFile; fileRef = DA4B1C092B44DA6E00EA3E8F /* Rating.swift */; };
		DA5557AA2B38922300D440A4 /* GameDetailViewModel.swift in Sources */ = {isa = PBXBuildFile; fileRef = DA5557A92B38922300D440A4 /* GameDetailViewModel.swift */; };
		DA56E6262B677FFC003F1697 /* UIImage+Extension.swift in Sources */ = {isa = PBXBuildFile; fileRef = DA56E6252B677FFC003F1697 /* UIImage+Extension.swift */; };
		DA56E6442B67D483003F1697 /* MoreHeaderView.swift in Sources */ = {isa = PBXBuildFile; fileRef = DA56E6432B67D483003F1697 /* MoreHeaderView.swift */; };
		DA65DB162B574D8A00DBA824 /* UIDevice+Extension.swift in Sources */ = {isa = PBXBuildFile; fileRef = DA65DB152B574D8A00DBA824 /* UIDevice+Extension.swift */; };
		DA6C25872B520CC500791432 /* GamesOverlayView.swift in Sources */ = {isa = PBXBuildFile; fileRef = DA6C25862B520CC500791432 /* GamesOverlayView.swift */; };
		DA71D4C22B6E5457005EB5D3 /* DidRemoteChange.swift in Sources */ = {isa = PBXBuildFile; fileRef = DA71D4C12B6E5457005EB5D3 /* DidRemoteChange.swift */; };
		DA71D4C42B6E693C005EB5D3 /* FeatureGameImage.swift in Sources */ = {isa = PBXBuildFile; fileRef = DA71D4C32B6E693C005EB5D3 /* FeatureGameImage.swift */; };
		DA72D2DC2B54B1D900A235C2 /* Binding+Extension.swift in Sources */ = {isa = PBXBuildFile; fileRef = DA72D2DB2B54B1D900A235C2 /* Binding+Extension.swift */; };
		DA772C912B4DA94600DD064A /* SegmentedView.swift in Sources */ = {isa = PBXBuildFile; fileRef = DA772C902B4DA94600DD064A /* SegmentedView.swift */; };
		DA78AA2E2B4D7DB2008F018C /* SafariView.swift in Sources */ = {isa = PBXBuildFile; fileRef = DA78AA2D2B4D7DB2008F018C /* SafariView.swift */; };
		DA78AA302B4D7F4A008F018C /* String+Extension.swift in Sources */ = {isa = PBXBuildFile; fileRef = DA78AA2F2B4D7F49008F018C /* String+Extension.swift */; };
		DA78AA322B4D93A3008F018C /* MoreRowView.swift in Sources */ = {isa = PBXBuildFile; fileRef = DA78AA312B4D93A3008F018C /* MoreRowView.swift */; };
		DA79C8BD2B61D26900837DB3 /* UIKitTabView.swift in Sources */ = {isa = PBXBuildFile; fileRef = DA79C8BC2B61D26900837DB3 /* UIKitTabView.swift */; };
		DA79C8BF2B62699500837DB3 /* NewsGridItemView.swift in Sources */ = {isa = PBXBuildFile; fileRef = DA79C8BE2B62699500837DB3 /* NewsGridItemView.swift */; };
		DA79C8C12B63100400837DB3 /* ColorSchemeSelections.swift in Sources */ = {isa = PBXBuildFile; fileRef = DA79C8C02B63100400837DB3 /* ColorSchemeSelections.swift */; };
		DA79C8C32B63304A00837DB3 /* MoreViewRows.swift in Sources */ = {isa = PBXBuildFile; fileRef = DA79C8C22B63304A00837DB3 /* MoreViewRows.swift */; };
		DA79C8C52B63306800837DB3 /* MoreViewSections.swift in Sources */ = {isa = PBXBuildFile; fileRef = DA79C8C42B63306800837DB3 /* MoreViewSections.swift */; };
		DA8AF7502B4FF9C700C459DA /* Library.swift in Sources */ = {isa = PBXBuildFile; fileRef = DA8AF74F2B4FF9C700C459DA /* Library.swift */; };
		DA98C6B42B6D2DA500EF8C5B /* GameDetailView.swift in Sources */ = {isa = PBXBuildFile; fileRef = DA98C6B32B6D2DA500EF8C5B /* GameDetailView.swift */; };
		DA98C6C12B6D2DB400EF8C5B /* SocialsView.swift in Sources */ = {isa = PBXBuildFile; fileRef = DA98C6B62B6D2DB400EF8C5B /* SocialsView.swift */; };
		DA98C6C22B6D2DB400EF8C5B /* SummaryView.swift in Sources */ = {isa = PBXBuildFile; fileRef = DA98C6B72B6D2DB400EF8C5B /* SummaryView.swift */; };
		DA98C6C32B6D2DB400EF8C5B /* SimilarGamesView.swift in Sources */ = {isa = PBXBuildFile; fileRef = DA98C6B82B6D2DB400EF8C5B /* SimilarGamesView.swift */; };
		DA98C6C42B6D2DB400EF8C5B /* CapsuleView.swift in Sources */ = {isa = PBXBuildFile; fileRef = DA98C6B92B6D2DB400EF8C5B /* CapsuleView.swift */; };
		DA98C6C52B6D2DB400EF8C5B /* ImagesView.swift in Sources */ = {isa = PBXBuildFile; fileRef = DA98C6BA2B6D2DB400EF8C5B /* ImagesView.swift */; };
		DA98C6C62B6D2DB400EF8C5B /* PlatformsView.swift in Sources */ = {isa = PBXBuildFile; fileRef = DA98C6BB2B6D2DB400EF8C5B /* PlatformsView.swift */; };
		DA98C6C72B6D2DB400EF8C5B /* GenresView.swift in Sources */ = {isa = PBXBuildFile; fileRef = DA98C6BC2B6D2DB400EF8C5B /* GenresView.swift */; };
		DA98C6C82B6D2DB400EF8C5B /* RatingStarsView.swift in Sources */ = {isa = PBXBuildFile; fileRef = DA98C6BD2B6D2DB400EF8C5B /* RatingStarsView.swift */; };
		DA98C6C92B6D2DB400EF8C5B /* GameModesView.swift in Sources */ = {isa = PBXBuildFile; fileRef = DA98C6BE2B6D2DB400EF8C5B /* GameModesView.swift */; };
		DA98C6CA2B6D2DB400EF8C5B /* RatingView.swift in Sources */ = {isa = PBXBuildFile; fileRef = DA98C6BF2B6D2DB400EF8C5B /* RatingView.swift */; };
		DA98C6CB2B6D2DB400EF8C5B /* VideosView.swift in Sources */ = {isa = PBXBuildFile; fileRef = DA98C6C02B6D2DB400EF8C5B /* VideosView.swift */; };
		DAAD3E512B40B485005E8EBA /* SavingButton.swift in Sources */ = {isa = PBXBuildFile; fileRef = DAAD3E502B40B485005E8EBA /* SavingButton.swift */; };
		DAAD3E532B40BD32005E8EBA /* SFImage.swift in Sources */ = {isa = PBXBuildFile; fileRef = DAAD3E522B40BD32005E8EBA /* SFImage.swift */; };
		DAAD3E5E2B4130A5005E8EBA /* SFModels.swift in Sources */ = {isa = PBXBuildFile; fileRef = DAAD3E5D2B4130A5005E8EBA /* SFModels.swift */; };
		DAAD3E602B41AA97005E8EBA /* SearchTextField.swift in Sources */ = {isa = PBXBuildFile; fileRef = DAAD3E5F2B41AA97005E8EBA /* SearchTextField.swift */; };
		DAB6E8122B63C59A0023E38D /* Tab.swift in Sources */ = {isa = PBXBuildFile; fileRef = DAB6E8112B63C59A0023E38D /* Tab.swift */; };
		DAB6E8192B63F9980023E38D /* CoordinatorViewController.swift in Sources */ = {isa = PBXBuildFile; fileRef = DAB6E8182B63F9980023E38D /* CoordinatorViewController.swift */; };
		DAB6E8222B63F9B30023E38D /* CardCoordinator.swift in Sources */ = {isa = PBXBuildFile; fileRef = DAB6E81C2B63F9B20023E38D /* CardCoordinator.swift */; };
		DAB6E8232B63F9B30023E38D /* MainCoordinator.swift in Sources */ = {isa = PBXBuildFile; fileRef = DAB6E81D2B63F9B20023E38D /* MainCoordinator.swift */; };
		DAB6E8242B63F9B30023E38D /* Coordinator.swift in Sources */ = {isa = PBXBuildFile; fileRef = DAB6E81E2B63F9B20023E38D /* Coordinator.swift */; };
		DAB6E8252B63F9B30023E38D /* ParentCoordinator.swift in Sources */ = {isa = PBXBuildFile; fileRef = DAB6E81F2B63F9B20023E38D /* ParentCoordinator.swift */; };
		DAB6E8262B63F9B30023E38D /* ChildCoordinator.swift in Sources */ = {isa = PBXBuildFile; fileRef = DAB6E8202B63F9B20023E38D /* ChildCoordinator.swift */; };
		DAB6E8272B63F9B30023E38D /* WindowCoordinator.swift in Sources */ = {isa = PBXBuildFile; fileRef = DAB6E8212B63F9B30023E38D /* WindowCoordinator.swift */; };
		DAB6E82A2B63F9BE0023E38D /* SheetPresentationConfig.swift in Sources */ = {isa = PBXBuildFile; fileRef = DAB6E8292B63F9BE0023E38D /* SheetPresentationConfig.swift */; };
		DAB6E82C2B63FA320023E38D /* LogManager.swift in Sources */ = {isa = PBXBuildFile; fileRef = DAB6E82B2B63FA320023E38D /* LogManager.swift */; };
		DAB6E82E2B63FC690023E38D /* AppCoordinator.swift in Sources */ = {isa = PBXBuildFile; fileRef = DAB6E82D2B63FC690023E38D /* AppCoordinator.swift */; };
		DAB6E8312B63FCCA0023E38D /* GamesTabCoordinator.swift in Sources */ = {isa = PBXBuildFile; fileRef = DAB6E8302B63FCCA0023E38D /* GamesTabCoordinator.swift */; };
		DAC503BB2B343AC9004D4B03 /* ViewType.swift in Sources */ = {isa = PBXBuildFile; fileRef = DAC503BA2B343AC9004D4B03 /* ViewType.swift */; };
		DAC503BD2B34457A004D4B03 /* Task+Extension.swift in Sources */ = {isa = PBXBuildFile; fileRef = DAC503BC2B34457A004D4B03 /* Task+Extension.swift */; };
		DAC503BF2B344827004D4B03 /* CloseButton.swift in Sources */ = {isa = PBXBuildFile; fileRef = DAC503BE2B344827004D4B03 /* CloseButton.swift */; };
		DAC503C22B344C70004D4B03 /* MoreTab.swift in Sources */ = {isa = PBXBuildFile; fileRef = DAC503C12B344C70004D4B03 /* MoreTab.swift */; };
		DAC503C42B344CF7004D4B03 /* Color+Extension.swift in Sources */ = {isa = PBXBuildFile; fileRef = DAC503C32B344CF7004D4B03 /* Color+Extension.swift */; };
		DAC503C62B344F57004D4B03 /* IconSelectionView.swift in Sources */ = {isa = PBXBuildFile; fileRef = DAC503C52B344F57004D4B03 /* IconSelectionView.swift */; };
		DACC86E72B6A8D4900639822 /* SelectedOption.swift in Sources */ = {isa = PBXBuildFile; fileRef = DACC86E62B6A8D4900639822 /* SelectedOption.swift */; };
		DACC86E92B6A8D6800639822 /* PlatformWebsite.swift in Sources */ = {isa = PBXBuildFile; fileRef = DACC86E82B6A8D6800639822 /* PlatformWebsite.swift */; };
		DACC86EB2B6A953200639822 /* FeaturedGame.swift in Sources */ = {isa = PBXBuildFile; fileRef = DACC86EA2B6A953200639822 /* FeaturedGame.swift */; };
		DACC86F22B6B95BD00639822 /* NewsOverlayView.swift in Sources */ = {isa = PBXBuildFile; fileRef = DACC86F12B6B95BD00639822 /* NewsOverlayView.swift */; };
		DAD084232B6051C600D87112 /* ViewTypeSelections.swift in Sources */ = {isa = PBXBuildFile; fileRef = DAD084222B6051C600D87112 /* ViewTypeSelections.swift */; };
		DAD084252B6059A800D87112 /* PickerHeaderView.swift in Sources */ = {isa = PBXBuildFile; fileRef = DAD084242B6059A800D87112 /* PickerHeaderView.swift */; };
		DAD084272B6073E500D87112 /* NewsListItemView.swift in Sources */ = {isa = PBXBuildFile; fileRef = DAD084262B6073E500D87112 /* NewsListItemView.swift */; };
		DAD084292B607B1000D87112 /* SPNews.swift in Sources */ = {isa = PBXBuildFile; fileRef = DAD084282B607B1000D87112 /* SPNews.swift */; };
/* End PBXBuildFile section */

/* Begin PBXFileReference section */
		DA0998072B5E87A70081BD13 /* IntroView.swift */ = {isa = PBXFileReference; lastKnownFileType = sourcecode.swift; path = IntroView.swift; sourceTree = "<group>"; };
		DA0C208B2B3E9F97000E2D6E /* CacheAsyncImage.swift */ = {isa = PBXFileReference; lastKnownFileType = sourcecode.swift; path = CacheAsyncImage.swift; sourceTree = "<group>"; };
		DA207A192B6028B7001F8923 /* IconsView.swift */ = {isa = PBXFileReference; lastKnownFileType = sourcecode.swift; path = IconsView.swift; sourceTree = "<group>"; };
		DA24E4592C6FA57A00246681 /* ConfettiView.swift */ = {isa = PBXFileReference; lastKnownFileType = sourcecode.swift; path = ConfettiView.swift; sourceTree = "<group>"; };
		DA24E45D2C70197800246681 /* GlassModifier.swift */ = {isa = PBXFileReference; lastKnownFileType = sourcecode.swift; path = GlassModifier.swift; sourceTree = "<group>"; };
		DA24E45F2C701C0300246681 /* LabelStyle.swift */ = {isa = PBXFileReference; lastKnownFileType = sourcecode.swift; path = LabelStyle.swift; sourceTree = "<group>"; };
		DA24E4612C70205A00246681 /* AddLibraryView.swift */ = {isa = PBXFileReference; lastKnownFileType = sourcecode.swift; path = AddLibraryView.swift; sourceTree = "<group>"; };
		DA24E4652C714F6900246681 /* ContentType.swift */ = {isa = PBXFileReference; lastKnownFileType = sourcecode.swift; path = ContentType.swift; sourceTree = "<group>"; };
		DA24E4672C7161A000246681 /* MarqueeView.swift */ = {isa = PBXFileReference; lastKnownFileType = sourcecode.swift; path = MarqueeView.swift; sourceTree = "<group>"; };
		DA24E4692C7161C700246681 /* CustomSelectionView.swift */ = {isa = PBXFileReference; lastKnownFileType = sourcecode.swift; path = CustomSelectionView.swift; sourceTree = "<group>"; };
		DA24E46B2C7166F400246681 /* LibraryView.swift */ = {isa = PBXFileReference; fileEncoding = 4; lastKnownFileType = sourcecode.swift; path = LibraryView.swift; sourceTree = "<group>"; };
		DA24E46D2C72057E00246681 /* FloatingSheet.swift */ = {isa = PBXFileReference; lastKnownFileType = sourcecode.swift; path = FloatingSheet.swift; sourceTree = "<group>"; };
		DA24E46F2C72058D00246681 /* SampleSheet.swift */ = {isa = PBXFileReference; lastKnownFileType = sourcecode.swift; path = SampleSheet.swift; sourceTree = "<group>"; };
		DA27972D2B5AA7E40042E59B /* DataType.swift */ = {isa = PBXFileReference; lastKnownFileType = sourcecode.swift; path = DataType.swift; sourceTree = "<group>"; };
		DA43CE192B30B61500DAE0B6 /* Games.app */ = {isa = PBXFileReference; explicitFileType = wrapper.application; includeInIndex = 0; path = Games.app; sourceTree = BUILT_PRODUCTS_DIR; };
		DA43CE1C2B30B61500DAE0B6 /* SpeeltuinApp.swift */ = {isa = PBXFileReference; lastKnownFileType = sourcecode.swift; path = SpeeltuinApp.swift; sourceTree = "<group>"; };
		DA43CE202B30B61500DAE0B6 /* Assets.xcassets */ = {isa = PBXFileReference; lastKnownFileType = folder.assetcatalog; path = Assets.xcassets; sourceTree = "<group>"; };
		DA43CE232B30B61500DAE0B6 /* Preview Assets.xcassets */ = {isa = PBXFileReference; lastKnownFileType = folder.assetcatalog; path = "Preview Assets.xcassets"; sourceTree = "<group>"; };
		DA43CE302B30B65500DAE0B6 /* Blur.swift */ = {isa = PBXFileReference; fileEncoding = 4; lastKnownFileType = sourcecode.swift; path = Blur.swift; sourceTree = "<group>"; };
		DA43CE312B30B65500DAE0B6 /* View+Extensions.swift */ = {isa = PBXFileReference; fileEncoding = 4; lastKnownFileType = sourcecode.swift; path = "View+Extensions.swift"; sourceTree = "<group>"; };
		DA43CE322B30B65500DAE0B6 /* Constants.swift */ = {isa = PBXFileReference; fileEncoding = 4; lastKnownFileType = sourcecode.swift; path = Constants.swift; sourceTree = "<group>"; };
		DA43CE332B30B65500DAE0B6 /* AsyncImageView.swift */ = {isa = PBXFileReference; fileEncoding = 4; lastKnownFileType = sourcecode.swift; path = AsyncImageView.swift; sourceTree = "<group>"; };
		DA43CE342B30B65500DAE0B6 /* Int+Extension.swift */ = {isa = PBXFileReference; fileEncoding = 4; lastKnownFileType = sourcecode.swift; path = "Int+Extension.swift"; sourceTree = "<group>"; };
		DA43CE3E2B30B65E00DAE0B6 /* GamesViewModel.swift */ = {isa = PBXFileReference; fileEncoding = 4; lastKnownFileType = sourcecode.swift; path = GamesViewModel.swift; sourceTree = "<group>"; };
		DA43CE422B30B66B00DAE0B6 /* AccessToken.swift */ = {isa = PBXFileReference; fileEncoding = 4; lastKnownFileType = sourcecode.swift; path = AccessToken.swift; sourceTree = "<group>"; };
		DA43CE432B30B66B00DAE0B6 /* APICalypse.swift */ = {isa = PBXFileReference; fileEncoding = 4; lastKnownFileType = sourcecode.swift; path = APICalypse.swift; sourceTree = "<group>"; };
		DA43CE442B30B66B00DAE0B6 /* PopularPlatform.swift */ = {isa = PBXFileReference; fileEncoding = 4; lastKnownFileType = sourcecode.swift; path = PopularPlatform.swift; sourceTree = "<group>"; };
		DA43CE452B30B66B00DAE0B6 /* DataFetchPhase.swift */ = {isa = PBXFileReference; fileEncoding = 4; lastKnownFileType = sourcecode.swift; path = DataFetchPhase.swift; sourceTree = "<group>"; };
		DA43CE462B30B66B00DAE0B6 /* Category.swift */ = {isa = PBXFileReference; fileEncoding = 4; lastKnownFileType = sourcecode.swift; path = Category.swift; sourceTree = "<group>"; };
		DA43CE472B30B66B00DAE0B6 /* PopularGenre.swift */ = {isa = PBXFileReference; fileEncoding = 4; lastKnownFileType = sourcecode.swift; path = PopularGenre.swift; sourceTree = "<group>"; };
		DA43CE482B30B66B00DAE0B6 /* MultiQueryModel.swift */ = {isa = PBXFileReference; fileEncoding = 4; lastKnownFileType = sourcecode.swift; path = MultiQueryModel.swift; sourceTree = "<group>"; };
		DA43CE492B30B66B00DAE0B6 /* FetchTaskToken.swift */ = {isa = PBXFileReference; fileEncoding = 4; lastKnownFileType = sourcecode.swift; path = FetchTaskToken.swift; sourceTree = "<group>"; };
		DA43CE4A2B30B66B00DAE0B6 /* Game.swift */ = {isa = PBXFileReference; fileEncoding = 4; lastKnownFileType = sourcecode.swift; path = Game.swift; sourceTree = "<group>"; };
		DA43CE592B30B69100DAE0B6 /* MainView.swift */ = {isa = PBXFileReference; fileEncoding = 4; lastKnownFileType = sourcecode.swift; path = MainView.swift; sourceTree = "<group>"; };
		DA43CE602B30B6CD00DAE0B6 /* DataStore.swift */ = {isa = PBXFileReference; fileEncoding = 4; lastKnownFileType = sourcecode.swift; path = DataStore.swift; sourceTree = "<group>"; };
		DA43CE622B30B6CD00DAE0B6 /* HapticsManager.swift */ = {isa = PBXFileReference; fileEncoding = 4; lastKnownFileType = sourcecode.swift; path = HapticsManager.swift; sourceTree = "<group>"; };
		DA43CE632B30B6CD00DAE0B6 /* NetworkManager.swift */ = {isa = PBXFileReference; fileEncoding = 4; lastKnownFileType = sourcecode.swift; path = NetworkManager.swift; sourceTree = "<group>"; };
		DA43CE642B30B6CD00DAE0B6 /* PagingData.swift */ = {isa = PBXFileReference; fileEncoding = 4; lastKnownFileType = sourcecode.swift; path = PagingData.swift; sourceTree = "<group>"; };
		DA43CE6A2B30B6F200DAE0B6 /* CacheEntry.swift */ = {isa = PBXFileReference; fileEncoding = 4; lastKnownFileType = sourcecode.swift; path = CacheEntry.swift; sourceTree = "<group>"; };
		DA43CE6B2B30B6F200DAE0B6 /* KeysTracker.swift */ = {isa = PBXFileReference; fileEncoding = 4; lastKnownFileType = sourcecode.swift; path = KeysTracker.swift; sourceTree = "<group>"; };
		DA43CE6C2B30B6F200DAE0B6 /* Cache.swift */ = {isa = PBXFileReference; fileEncoding = 4; lastKnownFileType = sourcecode.swift; path = Cache.swift; sourceTree = "<group>"; };
		DA43CE6D2B30B6F200DAE0B6 /* CacheImplementation.swift */ = {isa = PBXFileReference; fileEncoding = 4; lastKnownFileType = sourcecode.swift; path = CacheImplementation.swift; sourceTree = "<group>"; };
		DA43CE6E2B30B6F200DAE0B6 /* CacheManager.swift */ = {isa = PBXFileReference; fileEncoding = 4; lastKnownFileType = sourcecode.swift; path = CacheManager.swift; sourceTree = "<group>"; };
		DA43CE7A2B31D35900DAE0B6 /* ListItemView.swift */ = {isa = PBXFileReference; lastKnownFileType = sourcecode.swift; path = ListItemView.swift; sourceTree = "<group>"; };
		DA44660C2B48747100361071 /* GradientMask.swift */ = {isa = PBXFileReference; lastKnownFileType = sourcecode.swift; path = GradientMask.swift; sourceTree = "<group>"; };
		DA44660E2B495CF400361071 /* Speeltuin.entitlements */ = {isa = PBXFileReference; lastKnownFileType = text.plist.entitlements; path = Speeltuin.entitlements; sourceTree = "<group>"; };
		DA44660F2B499DB700361071 /* Info.plist */ = {isa = PBXFileReference; lastKnownFileType = text.plist.xml; path = Info.plist; sourceTree = "<group>"; };
		DA4466142B49DEB000361071 /* NewsViewModel.swift */ = {isa = PBXFileReference; lastKnownFileType = sourcecode.swift; path = NewsViewModel.swift; sourceTree = "<group>"; };
		DA4466172B49E43C00361071 /* NewsTab.swift */ = {isa = PBXFileReference; lastKnownFileType = sourcecode.swift; path = NewsTab.swift; sourceTree = "<group>"; };
		DA44661B2B4AE90800361071 /* Date+Extension.swift */ = {isa = PBXFileReference; lastKnownFileType = sourcecode.swift; path = "Date+Extension.swift"; sourceTree = "<group>"; };
		DA4466212B4B77B500361071 /* NewsType.swift */ = {isa = PBXFileReference; lastKnownFileType = sourcecode.swift; path = NewsType.swift; sourceTree = "<group>"; };
		DA4B1BE02B43948200EA3E8F /* LibraryType.swift */ = {isa = PBXFileReference; lastKnownFileType = sourcecode.swift; path = LibraryType.swift; sourceTree = "<group>"; };
		DA4B1BE42B43A71700EA3E8F /* Feedback+Enum.swift */ = {isa = PBXFileReference; fileEncoding = 4; lastKnownFileType = sourcecode.swift; path = "Feedback+Enum.swift"; sourceTree = "<group>"; };
		DA4B1BE52B43A71700EA3E8F /* SupportEmail.swift */ = {isa = PBXFileReference; fileEncoding = 4; lastKnownFileType = sourcecode.swift; path = SupportEmail.swift; sourceTree = "<group>"; };
		DA4B1BE62B43A71700EA3E8F /* MailView.swift */ = {isa = PBXFileReference; fileEncoding = 4; lastKnownFileType = sourcecode.swift; path = MailView.swift; sourceTree = "<group>"; };
		DA4B1BEB2B43A7B100EA3E8F /* Bundle+Ext.swift */ = {isa = PBXFileReference; lastKnownFileType = sourcecode.swift; path = "Bundle+Ext.swift"; sourceTree = "<group>"; };
		DA4B1BEE2B43AA5100EA3E8F /* AboutView.swift */ = {isa = PBXFileReference; fileEncoding = 4; lastKnownFileType = sourcecode.swift; path = AboutView.swift; sourceTree = "<group>"; };
		DA4B1BF12B43C7B000EA3E8F /* Notification+Name.swift */ = {isa = PBXFileReference; lastKnownFileType = sourcecode.swift; path = "Notification+Name.swift"; sourceTree = "<group>"; };
		DA4B1BF32B43C86200EA3E8F /* Bag.swift */ = {isa = PBXFileReference; lastKnownFileType = sourcecode.swift; path = Bag.swift; sourceTree = "<group>"; };
		DA4B1BF72B43CD7E00EA3E8F /* Admin.swift */ = {isa = PBXFileReference; lastKnownFileType = sourcecode.swift; path = Admin.swift; sourceTree = "<group>"; };
		DA4B1BFA2B44568000EA3E8F /* DataManager.swift */ = {isa = PBXFileReference; lastKnownFileType = sourcecode.swift; path = DataManager.swift; sourceTree = "<group>"; };
		DA4B1C032B44A32F00EA3E8F /* GamesCollectionView.swift */ = {isa = PBXFileReference; lastKnownFileType = sourcecode.swift; path = GamesCollectionView.swift; sourceTree = "<group>"; };
		DA4B1C072B44CB9400EA3E8F /* SavedGame.swift */ = {isa = PBXFileReference; lastKnownFileType = sourcecode.swift; path = SavedGame.swift; sourceTree = "<group>"; };
		DA4B1C092B44DA6E00EA3E8F /* Rating.swift */ = {isa = PBXFileReference; lastKnownFileType = sourcecode.swift; path = Rating.swift; sourceTree = "<group>"; };
		DA5557A92B38922300D440A4 /* GameDetailViewModel.swift */ = {isa = PBXFileReference; lastKnownFileType = sourcecode.swift; path = GameDetailViewModel.swift; sourceTree = "<group>"; };
		DA56E6252B677FFC003F1697 /* UIImage+Extension.swift */ = {isa = PBXFileReference; lastKnownFileType = sourcecode.swift; path = "UIImage+Extension.swift"; sourceTree = "<group>"; };
		DA56E6432B67D483003F1697 /* MoreHeaderView.swift */ = {isa = PBXFileReference; lastKnownFileType = sourcecode.swift; path = MoreHeaderView.swift; sourceTree = "<group>"; };
		DA65DB152B574D8A00DBA824 /* UIDevice+Extension.swift */ = {isa = PBXFileReference; lastKnownFileType = sourcecode.swift; path = "UIDevice+Extension.swift"; sourceTree = "<group>"; };
		DA6C25862B520CC500791432 /* GamesOverlayView.swift */ = {isa = PBXFileReference; lastKnownFileType = sourcecode.swift; path = GamesOverlayView.swift; sourceTree = "<group>"; };
		DA71D4C12B6E5457005EB5D3 /* DidRemoteChange.swift */ = {isa = PBXFileReference; lastKnownFileType = sourcecode.swift; path = DidRemoteChange.swift; sourceTree = "<group>"; };
		DA71D4C32B6E693C005EB5D3 /* FeatureGameImage.swift */ = {isa = PBXFileReference; lastKnownFileType = sourcecode.swift; path = FeatureGameImage.swift; sourceTree = "<group>"; };
		DA72D2DB2B54B1D900A235C2 /* Binding+Extension.swift */ = {isa = PBXFileReference; lastKnownFileType = sourcecode.swift; path = "Binding+Extension.swift"; sourceTree = "<group>"; };
		DA772C902B4DA94600DD064A /* SegmentedView.swift */ = {isa = PBXFileReference; lastKnownFileType = sourcecode.swift; path = SegmentedView.swift; sourceTree = "<group>"; };
		DA78AA2D2B4D7DB2008F018C /* SafariView.swift */ = {isa = PBXFileReference; lastKnownFileType = sourcecode.swift; path = SafariView.swift; sourceTree = "<group>"; };
		DA78AA2F2B4D7F49008F018C /* String+Extension.swift */ = {isa = PBXFileReference; lastKnownFileType = sourcecode.swift; path = "String+Extension.swift"; sourceTree = "<group>"; };
		DA78AA312B4D93A3008F018C /* MoreRowView.swift */ = {isa = PBXFileReference; lastKnownFileType = sourcecode.swift; path = MoreRowView.swift; sourceTree = "<group>"; };
		DA79C8BC2B61D26900837DB3 /* UIKitTabView.swift */ = {isa = PBXFileReference; lastKnownFileType = sourcecode.swift; path = UIKitTabView.swift; sourceTree = "<group>"; };
		DA79C8BE2B62699500837DB3 /* NewsGridItemView.swift */ = {isa = PBXFileReference; lastKnownFileType = sourcecode.swift; path = NewsGridItemView.swift; sourceTree = "<group>"; };
		DA79C8C02B63100400837DB3 /* ColorSchemeSelections.swift */ = {isa = PBXFileReference; lastKnownFileType = sourcecode.swift; path = ColorSchemeSelections.swift; sourceTree = "<group>"; };
		DA79C8C22B63304A00837DB3 /* MoreViewRows.swift */ = {isa = PBXFileReference; lastKnownFileType = sourcecode.swift; path = MoreViewRows.swift; sourceTree = "<group>"; };
		DA79C8C42B63306800837DB3 /* MoreViewSections.swift */ = {isa = PBXFileReference; lastKnownFileType = sourcecode.swift; path = MoreViewSections.swift; sourceTree = "<group>"; };
		DA8AF74F2B4FF9C700C459DA /* Library.swift */ = {isa = PBXFileReference; lastKnownFileType = sourcecode.swift; path = Library.swift; sourceTree = "<group>"; };
		DA98C6B32B6D2DA500EF8C5B /* GameDetailView.swift */ = {isa = PBXFileReference; fileEncoding = 4; lastKnownFileType = sourcecode.swift; path = GameDetailView.swift; sourceTree = "<group>"; };
		DA98C6B62B6D2DB400EF8C5B /* SocialsView.swift */ = {isa = PBXFileReference; fileEncoding = 4; lastKnownFileType = sourcecode.swift; path = SocialsView.swift; sourceTree = "<group>"; };
		DA98C6B72B6D2DB400EF8C5B /* SummaryView.swift */ = {isa = PBXFileReference; fileEncoding = 4; lastKnownFileType = sourcecode.swift; path = SummaryView.swift; sourceTree = "<group>"; };
		DA98C6B82B6D2DB400EF8C5B /* SimilarGamesView.swift */ = {isa = PBXFileReference; fileEncoding = 4; lastKnownFileType = sourcecode.swift; path = SimilarGamesView.swift; sourceTree = "<group>"; };
		DA98C6B92B6D2DB400EF8C5B /* CapsuleView.swift */ = {isa = PBXFileReference; fileEncoding = 4; lastKnownFileType = sourcecode.swift; path = CapsuleView.swift; sourceTree = "<group>"; };
		DA98C6BA2B6D2DB400EF8C5B /* ImagesView.swift */ = {isa = PBXFileReference; fileEncoding = 4; lastKnownFileType = sourcecode.swift; path = ImagesView.swift; sourceTree = "<group>"; };
		DA98C6BB2B6D2DB400EF8C5B /* PlatformsView.swift */ = {isa = PBXFileReference; fileEncoding = 4; lastKnownFileType = sourcecode.swift; path = PlatformsView.swift; sourceTree = "<group>"; };
		DA98C6BC2B6D2DB400EF8C5B /* GenresView.swift */ = {isa = PBXFileReference; fileEncoding = 4; lastKnownFileType = sourcecode.swift; path = GenresView.swift; sourceTree = "<group>"; };
		DA98C6BD2B6D2DB400EF8C5B /* RatingStarsView.swift */ = {isa = PBXFileReference; fileEncoding = 4; lastKnownFileType = sourcecode.swift; path = RatingStarsView.swift; sourceTree = "<group>"; };
		DA98C6BE2B6D2DB400EF8C5B /* GameModesView.swift */ = {isa = PBXFileReference; fileEncoding = 4; lastKnownFileType = sourcecode.swift; path = GameModesView.swift; sourceTree = "<group>"; };
		DA98C6BF2B6D2DB400EF8C5B /* RatingView.swift */ = {isa = PBXFileReference; fileEncoding = 4; lastKnownFileType = sourcecode.swift; path = RatingView.swift; sourceTree = "<group>"; };
		DA98C6C02B6D2DB400EF8C5B /* VideosView.swift */ = {isa = PBXFileReference; fileEncoding = 4; lastKnownFileType = sourcecode.swift; path = VideosView.swift; sourceTree = "<group>"; };
		DAAD3E502B40B485005E8EBA /* SavingButton.swift */ = {isa = PBXFileReference; lastKnownFileType = sourcecode.swift; path = SavingButton.swift; sourceTree = "<group>"; };
		DAAD3E522B40BD32005E8EBA /* SFImage.swift */ = {isa = PBXFileReference; lastKnownFileType = sourcecode.swift; path = SFImage.swift; sourceTree = "<group>"; };
		DAAD3E5D2B4130A5005E8EBA /* SFModels.swift */ = {isa = PBXFileReference; lastKnownFileType = sourcecode.swift; path = SFModels.swift; sourceTree = "<group>"; };
		DAAD3E5F2B41AA97005E8EBA /* SearchTextField.swift */ = {isa = PBXFileReference; lastKnownFileType = sourcecode.swift; path = SearchTextField.swift; sourceTree = "<group>"; };
		DAB6E8112B63C59A0023E38D /* Tab.swift */ = {isa = PBXFileReference; lastKnownFileType = sourcecode.swift; path = Tab.swift; sourceTree = "<group>"; };
		DAB6E8182B63F9980023E38D /* CoordinatorViewController.swift */ = {isa = PBXFileReference; fileEncoding = 4; lastKnownFileType = sourcecode.swift; path = CoordinatorViewController.swift; sourceTree = "<group>"; };
		DAB6E81C2B63F9B20023E38D /* CardCoordinator.swift */ = {isa = PBXFileReference; fileEncoding = 4; lastKnownFileType = sourcecode.swift; path = CardCoordinator.swift; sourceTree = "<group>"; };
		DAB6E81D2B63F9B20023E38D /* MainCoordinator.swift */ = {isa = PBXFileReference; fileEncoding = 4; lastKnownFileType = sourcecode.swift; path = MainCoordinator.swift; sourceTree = "<group>"; };
		DAB6E81E2B63F9B20023E38D /* Coordinator.swift */ = {isa = PBXFileReference; fileEncoding = 4; lastKnownFileType = sourcecode.swift; path = Coordinator.swift; sourceTree = "<group>"; };
		DAB6E81F2B63F9B20023E38D /* ParentCoordinator.swift */ = {isa = PBXFileReference; fileEncoding = 4; lastKnownFileType = sourcecode.swift; path = ParentCoordinator.swift; sourceTree = "<group>"; };
		DAB6E8202B63F9B20023E38D /* ChildCoordinator.swift */ = {isa = PBXFileReference; fileEncoding = 4; lastKnownFileType = sourcecode.swift; path = ChildCoordinator.swift; sourceTree = "<group>"; };
		DAB6E8212B63F9B30023E38D /* WindowCoordinator.swift */ = {isa = PBXFileReference; fileEncoding = 4; lastKnownFileType = sourcecode.swift; path = WindowCoordinator.swift; sourceTree = "<group>"; };
		DAB6E8292B63F9BE0023E38D /* SheetPresentationConfig.swift */ = {isa = PBXFileReference; fileEncoding = 4; lastKnownFileType = sourcecode.swift; path = SheetPresentationConfig.swift; sourceTree = "<group>"; };
		DAB6E82B2B63FA320023E38D /* LogManager.swift */ = {isa = PBXFileReference; lastKnownFileType = sourcecode.swift; path = LogManager.swift; sourceTree = "<group>"; };
		DAB6E82D2B63FC690023E38D /* AppCoordinator.swift */ = {isa = PBXFileReference; lastKnownFileType = sourcecode.swift; path = AppCoordinator.swift; sourceTree = "<group>"; };
		DAB6E8302B63FCCA0023E38D /* GamesTabCoordinator.swift */ = {isa = PBXFileReference; lastKnownFileType = sourcecode.swift; path = GamesTabCoordinator.swift; sourceTree = "<group>"; };
		DAC503BA2B343AC9004D4B03 /* ViewType.swift */ = {isa = PBXFileReference; lastKnownFileType = sourcecode.swift; path = ViewType.swift; sourceTree = "<group>"; };
		DAC503BC2B34457A004D4B03 /* Task+Extension.swift */ = {isa = PBXFileReference; lastKnownFileType = sourcecode.swift; path = "Task+Extension.swift"; sourceTree = "<group>"; };
		DAC503BE2B344827004D4B03 /* CloseButton.swift */ = {isa = PBXFileReference; lastKnownFileType = sourcecode.swift; path = CloseButton.swift; sourceTree = "<group>"; };
		DAC503C12B344C70004D4B03 /* MoreTab.swift */ = {isa = PBXFileReference; lastKnownFileType = sourcecode.swift; path = MoreTab.swift; sourceTree = "<group>"; };
		DAC503C32B344CF7004D4B03 /* Color+Extension.swift */ = {isa = PBXFileReference; lastKnownFileType = sourcecode.swift; path = "Color+Extension.swift"; sourceTree = "<group>"; };
		DAC503C52B344F57004D4B03 /* IconSelectionView.swift */ = {isa = PBXFileReference; lastKnownFileType = sourcecode.swift; path = IconSelectionView.swift; sourceTree = "<group>"; };
		DACC86E62B6A8D4900639822 /* SelectedOption.swift */ = {isa = PBXFileReference; lastKnownFileType = sourcecode.swift; path = SelectedOption.swift; sourceTree = "<group>"; };
		DACC86E82B6A8D6800639822 /* PlatformWebsite.swift */ = {isa = PBXFileReference; lastKnownFileType = sourcecode.swift; path = PlatformWebsite.swift; sourceTree = "<group>"; };
		DACC86EA2B6A953200639822 /* FeaturedGame.swift */ = {isa = PBXFileReference; lastKnownFileType = sourcecode.swift; path = FeaturedGame.swift; sourceTree = "<group>"; };
		DACC86F12B6B95BD00639822 /* NewsOverlayView.swift */ = {isa = PBXFileReference; lastKnownFileType = sourcecode.swift; path = NewsOverlayView.swift; sourceTree = "<group>"; };
		DAD084222B6051C600D87112 /* ViewTypeSelections.swift */ = {isa = PBXFileReference; lastKnownFileType = sourcecode.swift; path = ViewTypeSelections.swift; sourceTree = "<group>"; };
		DAD084242B6059A800D87112 /* PickerHeaderView.swift */ = {isa = PBXFileReference; lastKnownFileType = sourcecode.swift; path = PickerHeaderView.swift; sourceTree = "<group>"; };
		DAD084262B6073E500D87112 /* NewsListItemView.swift */ = {isa = PBXFileReference; lastKnownFileType = sourcecode.swift; path = NewsListItemView.swift; sourceTree = "<group>"; };
		DAD084282B607B1000D87112 /* SPNews.swift */ = {isa = PBXFileReference; lastKnownFileType = sourcecode.swift; path = SPNews.swift; sourceTree = "<group>"; };
/* End PBXFileReference section */

/* Begin PBXFrameworksBuildPhase section */
		DA43CE162B30B61500DAE0B6 /* Frameworks */ = {
			isa = PBXFrameworksBuildPhase;
			buildActionMask = 2147483647;
			files = (
				DA4B1C002B4460CF00EA3E8F /* Connectivity in Frameworks */,
				DA4466122B49DE5000361071 /* FeedKit in Frameworks */,
			);
			runOnlyForDeploymentPostprocessing = 0;
		};
/* End PBXFrameworksBuildPhase section */

/* Begin PBXGroup section */
		DA43CE102B30B61500DAE0B6 = {
			isa = PBXGroup;
			children = (
				DA43CE1B2B30B61500DAE0B6 /* Games */,
				DA43CE1A2B30B61500DAE0B6 /* Products */,
			);
			sourceTree = "<group>";
		};
		DA43CE1A2B30B61500DAE0B6 /* Products */ = {
			isa = PBXGroup;
			children = (
				DA43CE192B30B61500DAE0B6 /* Games.app */,
			);
			name = Products;
			sourceTree = "<group>";
		};
		DA43CE1B2B30B61500DAE0B6 /* Games */ = {
			isa = PBXGroup;
			children = (
				DA43CE2C2B30B62600DAE0B6 /* Models */,
				DAAD3E552B40D121005E8EBA /* SharedViews */,
				DAFAEB1D2B474B68008E1090 /* ViewModels */,
				DA43CE2D2B30B62B00DAE0B6 /* Modules */,
				DAB6E8172B63F97B0023E38D /* Navigation */,
				DA43CE2B2B30B62000DAE0B6 /* Utils */,
				DA43CE322B30B65500DAE0B6 /* Constants.swift */,
				DA43CE1C2B30B61500DAE0B6 /* SpeeltuinApp.swift */,
				DA43CE202B30B61500DAE0B6 /* Assets.xcassets */,
				DA43CE222B30B61500DAE0B6 /* Preview Content */,
			);
			path = Games;
			sourceTree = "<group>";
		};
		DA43CE222B30B61500DAE0B6 /* Preview Content */ = {
			isa = PBXGroup;
			children = (
				DA43CE232B30B61500DAE0B6 /* Preview Assets.xcassets */,
			);
			path = "Preview Content";
			sourceTree = "<group>";
		};
		DA43CE2B2B30B62000DAE0B6 /* Utils */ = {
			isa = PBXGroup;
			children = (
				DAB6E8322B63FFCC0023E38D /* Resources */,
				DA43CE5F2B30B6C300DAE0B6 /* Managers */,
				DA43CE5E2B30B6BE00DAE0B6 /* Helpers */,
				DA43CE5D2B30B6B200DAE0B6 /* Extensions */,
			);
			path = Utils;
			sourceTree = "<group>";
		};
		DA43CE2C2B30B62600DAE0B6 /* Models */ = {
			isa = PBXGroup;
			children = (
				DAB92B022B40B26A00375F20 /* Helpers */,
				DA43CE4A2B30B66B00DAE0B6 /* Game.swift */,
				DA8AF74F2B4FF9C700C459DA /* Library.swift */,
				DA4B1C072B44CB9400EA3E8F /* SavedGame.swift */,
				DAD084282B607B1000D87112 /* SPNews.swift */,
				DA24E4652C714F6900246681 /* ContentType.swift */,
			);
			path = Models;
			sourceTree = "<group>";
		};
		DA43CE2D2B30B62B00DAE0B6 /* Modules */ = {
			isa = PBXGroup;
			children = (
				DA65DB102B574D4800DBA824 /* Onboarding */,
				DA72D2D82B54A2BD00A235C2 /* Library */,
				DA93BE8F2B34F4D10047DD37 /* GameDetail */,
				DA43CE2F2B30B63C00DAE0B6 /* Games */,
				DA4466162B49E43300361071 /* News */,
				DAC503C02B344C60004D4B03 /* More */,
			);
			path = Modules;
			sourceTree = "<group>";
		};
		DA43CE2F2B30B63C00DAE0B6 /* Games */ = {
			isa = PBXGroup;
			children = (
				DA43CE592B30B69100DAE0B6 /* MainView.swift */,
				DA6C25862B520CC500791432 /* GamesOverlayView.swift */,
				DA4B1C032B44A32F00EA3E8F /* GamesCollectionView.swift */,
				DA43CE7A2B31D35900DAE0B6 /* ListItemView.swift */,
			);
			path = Games;
			sourceTree = "<group>";
		};
		DA43CE5D2B30B6B200DAE0B6 /* Extensions */ = {
			isa = PBXGroup;
			children = (
				DA43CE342B30B65500DAE0B6 /* Int+Extension.swift */,
				DA43CE312B30B65500DAE0B6 /* View+Extensions.swift */,
				DAC503BC2B34457A004D4B03 /* Task+Extension.swift */,
				DAC503C32B344CF7004D4B03 /* Color+Extension.swift */,
				DA4B1BEB2B43A7B100EA3E8F /* Bundle+Ext.swift */,
				DA4B1BF12B43C7B000EA3E8F /* Notification+Name.swift */,
				DA4B1BF32B43C86200EA3E8F /* Bag.swift */,
				DA44661B2B4AE90800361071 /* Date+Extension.swift */,
				DA78AA2F2B4D7F49008F018C /* String+Extension.swift */,
				DA72D2DB2B54B1D900A235C2 /* Binding+Extension.swift */,
				DA65DB152B574D8A00DBA824 /* UIDevice+Extension.swift */,
				DA56E6252B677FFC003F1697 /* UIImage+Extension.swift */,
			);
			path = Extensions;
			sourceTree = "<group>";
		};
		DA43CE5E2B30B6BE00DAE0B6 /* Helpers */ = {
			isa = PBXGroup;
			children = (
				DA43CE602B30B6CD00DAE0B6 /* DataStore.swift */,
				DA43CE302B30B65500DAE0B6 /* Blur.swift */,
				DA43CE332B30B65500DAE0B6 /* AsyncImageView.swift */,
				DA0C208B2B3E9F97000E2D6E /* CacheAsyncImage.swift */,
				DA43CE6C2B30B6F200DAE0B6 /* Cache.swift */,
				DA43CE6A2B30B6F200DAE0B6 /* CacheEntry.swift */,
				DA43CE6D2B30B6F200DAE0B6 /* CacheImplementation.swift */,
				DA43CE6B2B30B6F200DAE0B6 /* KeysTracker.swift */,
				DA43CE642B30B6CD00DAE0B6 /* PagingData.swift */,
				DA24E45F2C701C0300246681 /* LabelStyle.swift */,
			);
			path = Helpers;
			sourceTree = "<group>";
		};
		DA43CE5F2B30B6C300DAE0B6 /* Managers */ = {
			isa = PBXGroup;
			children = (
				DA4B1BF72B43CD7E00EA3E8F /* Admin.swift */,
				DA43CE632B30B6CD00DAE0B6 /* NetworkManager.swift */,
				DA43CE6E2B30B6F200DAE0B6 /* CacheManager.swift */,
				DA4B1BFA2B44568000EA3E8F /* DataManager.swift */,
				DA43CE622B30B6CD00DAE0B6 /* HapticsManager.swift */,
				DAB6E82B2B63FA320023E38D /* LogManager.swift */,
			);
			path = Managers;
			sourceTree = "<group>";
		};
		DA4466162B49E43300361071 /* News */ = {
			isa = PBXGroup;
			children = (
				DA4466172B49E43C00361071 /* NewsTab.swift */,
				DACC86F12B6B95BD00639822 /* NewsOverlayView.swift */,
				DAD084262B6073E500D87112 /* NewsListItemView.swift */,
				DA79C8BE2B62699500837DB3 /* NewsGridItemView.swift */,
			);
			path = News;
			sourceTree = "<group>";
		};
		DA4B1BF92B43D2C700EA3E8F /* Helpers */ = {
			isa = PBXGroup;
			children = (
				DA78AA312B4D93A3008F018C /* MoreRowView.swift */,
				DA4B1BEE2B43AA5100EA3E8F /* AboutView.swift */,
				DA4B1BE62B43A71700EA3E8F /* MailView.swift */,
				DAC503C52B344F57004D4B03 /* IconSelectionView.swift */,
				DAD084222B6051C600D87112 /* ViewTypeSelections.swift */,
				DA79C8C02B63100400837DB3 /* ColorSchemeSelections.swift */,
				DA56E6432B67D483003F1697 /* MoreHeaderView.swift */,
			);
			path = Helpers;
			sourceTree = "<group>";
		};
		DA65DB102B574D4800DBA824 /* Onboarding */ = {
			isa = PBXGroup;
			children = (
				DA0998072B5E87A70081BD13 /* IntroView.swift */,
			);
			path = Onboarding;
			sourceTree = "<group>";
		};
		DA72D2D82B54A2BD00A235C2 /* Library */ = {
			isa = PBXGroup;
			children = (
				DA24E46B2C7166F400246681 /* LibraryView.swift */,
				DA24E4612C70205A00246681 /* AddLibraryView.swift */,
				DA207A192B6028B7001F8923 /* IconsView.swift */,
			);
			path = Library;
			sourceTree = "<group>";
		};
		DA93BE8F2B34F4D10047DD37 /* GameDetail */ = {
			isa = PBXGroup;
			children = (
				DA98C6B52B6D2DAA00EF8C5B /* Helpers */,
				DA98C6B32B6D2DA500EF8C5B /* GameDetailView.swift */,
			);
			path = GameDetail;
			sourceTree = "<group>";
		};
		DA98C6B52B6D2DAA00EF8C5B /* Helpers */ = {
			isa = PBXGroup;
			children = (
				DA98C6B92B6D2DB400EF8C5B /* CapsuleView.swift */,
				DA98C6BE2B6D2DB400EF8C5B /* GameModesView.swift */,
				DA98C6BC2B6D2DB400EF8C5B /* GenresView.swift */,
				DA98C6BA2B6D2DB400EF8C5B /* ImagesView.swift */,
				DA98C6BB2B6D2DB400EF8C5B /* PlatformsView.swift */,
				DA98C6BD2B6D2DB400EF8C5B /* RatingStarsView.swift */,
				DA98C6BF2B6D2DB400EF8C5B /* RatingView.swift */,
				DA98C6B82B6D2DB400EF8C5B /* SimilarGamesView.swift */,
				DA98C6B62B6D2DB400EF8C5B /* SocialsView.swift */,
				DA98C6B72B6D2DB400EF8C5B /* SummaryView.swift */,
				DA98C6C02B6D2DB400EF8C5B /* VideosView.swift */,
				DA71D4C32B6E693C005EB5D3 /* FeatureGameImage.swift */,
			);
			path = Helpers;
			sourceTree = "<group>";
		};
		DAAD3E552B40D121005E8EBA /* SharedViews */ = {
			isa = PBXGroup;
			children = (
				DA24E45D2C70197800246681 /* GlassModifier.swift */,
				DAC503BE2B344827004D4B03 /* CloseButton.swift */,
				DA44660C2B48747100361071 /* GradientMask.swift */,
				DA78AA2D2B4D7DB2008F018C /* SafariView.swift */,
				DAAD3E5F2B41AA97005E8EBA /* SearchTextField.swift */,
				DA772C902B4DA94600DD064A /* SegmentedView.swift */,
				DAAD3E502B40B485005E8EBA /* SavingButton.swift */,
				DAAD3E522B40BD32005E8EBA /* SFImage.swift */,
				DAD084242B6059A800D87112 /* PickerHeaderView.swift */,
				DA79C8BC2B61D26900837DB3 /* UIKitTabView.swift */,
				DA24E4592C6FA57A00246681 /* ConfettiView.swift */,
				DA24E4672C7161A000246681 /* MarqueeView.swift */,
				DA24E4692C7161C700246681 /* CustomSelectionView.swift */,
				DA24E46D2C72057E00246681 /* FloatingSheet.swift */,
				DA24E46F2C72058D00246681 /* SampleSheet.swift */,
			);
			path = SharedViews;
			sourceTree = "<group>";
		};
		DAB6E8172B63F97B0023E38D /* Navigation */ = {
			isa = PBXGroup;
			children = (
				DAB6E82F2B63FCBF0023E38D /* ModuleCoordinators */,
				DAB6E8282B63F9B60023E38D /* Config */,
				DAB6E81B2B63F9A60023E38D /* Coordinators */,
				DAB6E81A2B63F99D0023E38D /* ViewControllers */,
			);
			path = Navigation;
			sourceTree = "<group>";
		};
		DAB6E81A2B63F99D0023E38D /* ViewControllers */ = {
			isa = PBXGroup;
			children = (
				DAB6E8182B63F9980023E38D /* CoordinatorViewController.swift */,
			);
			path = ViewControllers;
			sourceTree = "<group>";
		};
		DAB6E81B2B63F9A60023E38D /* Coordinators */ = {
			isa = PBXGroup;
			children = (
				DAB6E81C2B63F9B20023E38D /* CardCoordinator.swift */,
				DAB6E8202B63F9B20023E38D /* ChildCoordinator.swift */,
				DAB6E81E2B63F9B20023E38D /* Coordinator.swift */,
				DAB6E81D2B63F9B20023E38D /* MainCoordinator.swift */,
				DAB6E81F2B63F9B20023E38D /* ParentCoordinator.swift */,
				DAB6E8212B63F9B30023E38D /* WindowCoordinator.swift */,
				DAB6E82D2B63FC690023E38D /* AppCoordinator.swift */,
			);
			path = Coordinators;
			sourceTree = "<group>";
		};
		DAB6E8282B63F9B60023E38D /* Config */ = {
			isa = PBXGroup;
			children = (
				DAB6E8292B63F9BE0023E38D /* SheetPresentationConfig.swift */,
			);
			path = Config;
			sourceTree = "<group>";
		};
		DAB6E82F2B63FCBF0023E38D /* ModuleCoordinators */ = {
			isa = PBXGroup;
			children = (
				DAB6E8302B63FCCA0023E38D /* GamesTabCoordinator.swift */,
			);
			path = ModuleCoordinators;
			sourceTree = "<group>";
		};
		DAB6E8322B63FFCC0023E38D /* Resources */ = {
			isa = PBXGroup;
			children = (
				DA44660F2B499DB700361071 /* Info.plist */,
				DA44660E2B495CF400361071 /* Speeltuin.entitlements */,
			);
			path = Resources;
			sourceTree = "<group>";
		};
		DAB92B022B40B26A00375F20 /* Helpers */ = {
			isa = PBXGroup;
			children = (
				DA43CE422B30B66B00DAE0B6 /* AccessToken.swift */,
				DA43CE432B30B66B00DAE0B6 /* APICalypse.swift */,
				DA43CE462B30B66B00DAE0B6 /* Category.swift */,
				DA43CE452B30B66B00DAE0B6 /* DataFetchPhase.swift */,
				DA43CE492B30B66B00DAE0B6 /* FetchTaskToken.swift */,
				DA43CE482B30B66B00DAE0B6 /* MultiQueryModel.swift */,
				DA43CE442B30B66B00DAE0B6 /* PopularPlatform.swift */,
				DA43CE472B30B66B00DAE0B6 /* PopularGenre.swift */,
				DAC503BA2B343AC9004D4B03 /* ViewType.swift */,
				DAAD3E5D2B4130A5005E8EBA /* SFModels.swift */,
				DA4B1BE02B43948200EA3E8F /* LibraryType.swift */,
				DA4B1BE42B43A71700EA3E8F /* Feedback+Enum.swift */,
				DA4B1BE52B43A71700EA3E8F /* SupportEmail.swift */,
				DA4B1C092B44DA6E00EA3E8F /* Rating.swift */,
				DA4466212B4B77B500361071 /* NewsType.swift */,
				DA27972D2B5AA7E40042E59B /* DataType.swift */,
				DAB6E8112B63C59A0023E38D /* Tab.swift */,
				DACC86E62B6A8D4900639822 /* SelectedOption.swift */,
				DACC86E82B6A8D6800639822 /* PlatformWebsite.swift */,
				DACC86EA2B6A953200639822 /* FeaturedGame.swift */,
				DA71D4C12B6E5457005EB5D3 /* DidRemoteChange.swift */,
			);
			path = Helpers;
			sourceTree = "<group>";
		};
		DAC503C02B344C60004D4B03 /* More */ = {
			isa = PBXGroup;
			children = (
				DA4B1BF92B43D2C700EA3E8F /* Helpers */,
				DAC503C12B344C70004D4B03 /* MoreTab.swift */,
				DA79C8C42B63306800837DB3 /* MoreViewSections.swift */,
				DA79C8C22B63304A00837DB3 /* MoreViewRows.swift */,
			);
			path = More;
			sourceTree = "<group>";
		};
		DAFAEB1D2B474B68008E1090 /* ViewModels */ = {
			isa = PBXGroup;
			children = (
				DA43CE3E2B30B65E00DAE0B6 /* GamesViewModel.swift */,
				DA5557A92B38922300D440A4 /* GameDetailViewModel.swift */,
				DA4466142B49DEB000361071 /* NewsViewModel.swift */,
			);
			path = ViewModels;
			sourceTree = "<group>";
		};
/* End PBXGroup section */

/* Begin PBXNativeTarget section */
		DA43CE182B30B61500DAE0B6 /* Games */ = {
			isa = PBXNativeTarget;
			buildConfigurationList = DA43CE272B30B61500DAE0B6 /* Build configuration list for PBXNativeTarget "Games" */;
			buildPhases = (
				DA43CE152B30B61500DAE0B6 /* Sources */,
				DA43CE162B30B61500DAE0B6 /* Frameworks */,
				DA43CE172B30B61500DAE0B6 /* Resources */,
			);
			buildRules = (
			);
			dependencies = (
			);
			name = Games;
			packageProductDependencies = (
				DA4B1BFF2B4460CF00EA3E8F /* Connectivity */,
				DA4466112B49DE5000361071 /* FeedKit */,
			);
			productName = Cards;
			productReference = DA43CE192B30B61500DAE0B6 /* Games.app */;
			productType = "com.apple.product-type.application";
		};
/* End PBXNativeTarget section */

/* Begin PBXProject section */
		DA43CE112B30B61500DAE0B6 /* Project object */ = {
			isa = PBXProject;
			attributes = {
				BuildIndependentTargetsInParallel = 1;
				LastSwiftUpdateCheck = 1510;
				LastUpgradeCheck = 1510;
				TargetAttributes = {
					DA43CE182B30B61500DAE0B6 = {
						CreatedOnToolsVersion = 15.1;
					};
				};
			};
			buildConfigurationList = DA43CE142B30B61500DAE0B6 /* Build configuration list for PBXProject "Games" */;
			compatibilityVersion = "Xcode 14.0";
			developmentRegion = en;
			hasScannedForEncodings = 0;
			knownRegions = (
				en,
				Base,
			);
			mainGroup = DA43CE102B30B61500DAE0B6;
			packageReferences = (
				DA4B1BFE2B4460CF00EA3E8F /* XCRemoteSwiftPackageReference "connectivity" */,
				DA4466102B49DE5000361071 /* XCRemoteSwiftPackageReference "FeedKit" */,
			);
			productRefGroup = DA43CE1A2B30B61500DAE0B6 /* Products */;
			projectDirPath = "";
			projectRoot = "";
			targets = (
				DA43CE182B30B61500DAE0B6 /* Games */,
			);
		};
/* End PBXProject section */

/* Begin PBXResourcesBuildPhase section */
		DA43CE172B30B61500DAE0B6 /* Resources */ = {
			isa = PBXResourcesBuildPhase;
			buildActionMask = 2147483647;
			files = (
				DA43CE242B30B61500DAE0B6 /* Preview Assets.xcassets in Resources */,
				DA43CE212B30B61500DAE0B6 /* Assets.xcassets in Resources */,
			);
			runOnlyForDeploymentPostprocessing = 0;
		};
/* End PBXResourcesBuildPhase section */

/* Begin PBXSourcesBuildPhase section */
		DA43CE152B30B61500DAE0B6 /* Sources */ = {
			isa = PBXSourcesBuildPhase;
			buildActionMask = 2147483647;
			files = (
				DAB6E8222B63F9B30023E38D /* CardCoordinator.swift in Sources */,
				DA43CE4E2B30B66B00DAE0B6 /* DataFetchPhase.swift in Sources */,
				DA43CE4D2B30B66B00DAE0B6 /* PopularPlatform.swift in Sources */,
				DA5557AA2B38922300D440A4 /* GameDetailViewModel.swift in Sources */,
				DA4B1BEC2B43A7B100EA3E8F /* Bundle+Ext.swift in Sources */,
				DA0C208C2B3E9F97000E2D6E /* CacheAsyncImage.swift in Sources */,
				DA43CE502B30B66B00DAE0B6 /* PopularGenre.swift in Sources */,
				DAB6E8122B63C59A0023E38D /* Tab.swift in Sources */,
				DA43CE412B30B65E00DAE0B6 /* GamesViewModel.swift in Sources */,
				DA43CE6F2B30B6F200DAE0B6 /* CacheEntry.swift in Sources */,
				DA0998082B5E87A70081BD13 /* IntroView.swift in Sources */,
				DACC86E92B6A8D6800639822 /* PlatformWebsite.swift in Sources */,
				DA772C912B4DA94600DD064A /* SegmentedView.swift in Sources */,
				DA78AA322B4D93A3008F018C /* MoreRowView.swift in Sources */,
				DAC503BB2B343AC9004D4B03 /* ViewType.swift in Sources */,
				DA65DB162B574D8A00DBA824 /* UIDevice+Extension.swift in Sources */,
				DA43CE382B30B65500DAE0B6 /* Constants.swift in Sources */,
				DA43CE4C2B30B66B00DAE0B6 /* APICalypse.swift in Sources */,
				DAD084232B6051C600D87112 /* ViewTypeSelections.swift in Sources */,
				DAB6E82E2B63FC690023E38D /* AppCoordinator.swift in Sources */,
				DA72D2DC2B54B1D900A235C2 /* Binding+Extension.swift in Sources */,
				DAB6E8272B63F9B30023E38D /* WindowCoordinator.swift in Sources */,
				DAC503BD2B34457A004D4B03 /* Task+Extension.swift in Sources */,
				DA98C6CB2B6D2DB400EF8C5B /* VideosView.swift in Sources */,
				DA4B1BF22B43C7B000EA3E8F /* Notification+Name.swift in Sources */,
				DA98C6C32B6D2DB400EF8C5B /* SimilarGamesView.swift in Sources */,
				DA24E46A2C7161C700246681 /* CustomSelectionView.swift in Sources */,
				DAC503BF2B344827004D4B03 /* CloseButton.swift in Sources */,
				DA4B1BFB2B44568000EA3E8F /* DataManager.swift in Sources */,
				DA43CE672B30B6CD00DAE0B6 /* HapticsManager.swift in Sources */,
				DA98C6C22B6D2DB400EF8C5B /* SummaryView.swift in Sources */,
				DA24E45A2C6FA57A00246681 /* ConfettiView.swift in Sources */,
				DA43CE522B30B66B00DAE0B6 /* FetchTaskToken.swift in Sources */,
				DA207A1A2B6028B7001F8923 /* IconsView.swift in Sources */,
				DAB6E82A2B63F9BE0023E38D /* SheetPresentationConfig.swift in Sources */,
				DA4B1BE92B43A71700EA3E8F /* SupportEmail.swift in Sources */,
				DA56E6442B67D483003F1697 /* MoreHeaderView.swift in Sources */,
				DA43CE4F2B30B66B00DAE0B6 /* Category.swift in Sources */,
				DA43CE362B30B65500DAE0B6 /* Blur.swift in Sources */,
				DA24E4702C72058D00246681 /* SampleSheet.swift in Sources */,
				DAB6E8252B63F9B30023E38D /* ParentCoordinator.swift in Sources */,
				DAC503C22B344C70004D4B03 /* MoreTab.swift in Sources */,
				DA43CE532B30B66B00DAE0B6 /* Game.swift in Sources */,
				DA24E4622C70205A00246681 /* AddLibraryView.swift in Sources */,
				DA4B1BF42B43C86200EA3E8F /* Bag.swift in Sources */,
				DA24E4602C701C0300246681 /* LabelStyle.swift in Sources */,
				DA79C8C32B63304A00837DB3 /* MoreViewRows.swift in Sources */,
				DA43CE652B30B6CD00DAE0B6 /* DataStore.swift in Sources */,
				DAD084272B6073E500D87112 /* NewsListItemView.swift in Sources */,
				DAD084292B607B1000D87112 /* SPNews.swift in Sources */,
				DA43CE3A2B30B65500DAE0B6 /* Int+Extension.swift in Sources */,
				DA98C6C62B6D2DB400EF8C5B /* PlatformsView.swift in Sources */,
				DA6C25872B520CC500791432 /* GamesOverlayView.swift in Sources */,
				DA43CE372B30B65500DAE0B6 /* View+Extensions.swift in Sources */,
				DA24E4682C7161A000246681 /* MarqueeView.swift in Sources */,
				DA4466152B49DEB000361071 /* NewsViewModel.swift in Sources */,
				DA24E46E2C72057E00246681 /* FloatingSheet.swift in Sources */,
				DA4B1BF02B43AA5100EA3E8F /* AboutView.swift in Sources */,
				DAC503C42B344CF7004D4B03 /* Color+Extension.swift in Sources */,
				DA43CE7B2B31D35900DAE0B6 /* ListItemView.swift in Sources */,
				DAB6E8192B63F9980023E38D /* CoordinatorViewController.swift in Sources */,
				DA4B1BEA2B43A71700EA3E8F /* MailView.swift in Sources */,
				DACC86EB2B6A953200639822 /* FeaturedGame.swift in Sources */,
				DA43CE732B30B6F200DAE0B6 /* CacheManager.swift in Sources */,
				DA78AA2E2B4D7DB2008F018C /* SafariView.swift in Sources */,
				DAC503C62B344F57004D4B03 /* IconSelectionView.swift in Sources */,
				DA4B1C0A2B44DA6E00EA3E8F /* Rating.swift in Sources */,
				DAAD3E512B40B485005E8EBA /* SavingButton.swift in Sources */,
				DA4B1BE12B43948200EA3E8F /* LibraryType.swift in Sources */,
				DA27972E2B5AA7E40042E59B /* DataType.swift in Sources */,
				DAB6E82C2B63FA320023E38D /* LogManager.swift in Sources */,
				DA98C6C72B6D2DB400EF8C5B /* GenresView.swift in Sources */,
				DA71D4C22B6E5457005EB5D3 /* DidRemoteChange.swift in Sources */,
				DA43CE692B30B6CD00DAE0B6 /* PagingData.swift in Sources */,
				DA79C8BD2B61D26900837DB3 /* UIKitTabView.swift in Sources */,
				DA4B1C082B44CB9400EA3E8F /* SavedGame.swift in Sources */,
				DA43CE1D2B30B61500DAE0B6 /* SpeeltuinApp.swift in Sources */,
				DA4B1C042B44A32F00EA3E8F /* GamesCollectionView.swift in Sources */,
				DAAD3E532B40BD32005E8EBA /* SFImage.swift in Sources */,
				DA24E4662C714F6900246681 /* ContentType.swift in Sources */,
				DA43CE722B30B6F200DAE0B6 /* CacheImplementation.swift in Sources */,
				DA4B1BE82B43A71700EA3E8F /* Feedback+Enum.swift in Sources */,
				DAB6E8242B63F9B30023E38D /* Coordinator.swift in Sources */,
				DA43CE392B30B65500DAE0B6 /* AsyncImageView.swift in Sources */,
				DAB6E8262B63F9B30023E38D /* ChildCoordinator.swift in Sources */,
				DA98C6B42B6D2DA500EF8C5B /* GameDetailView.swift in Sources */,
				DAAD3E602B41AA97005E8EBA /* SearchTextField.swift in Sources */,
				DA71D4C42B6E693C005EB5D3 /* FeatureGameImage.swift in Sources */,
				DA98C6C42B6D2DB400EF8C5B /* CapsuleView.swift in Sources */,
				DA4466222B4B77B600361071 /* NewsType.swift in Sources */,
				DA43CE712B30B6F200DAE0B6 /* Cache.swift in Sources */,
				DA4466182B49E43C00361071 /* NewsTab.swift in Sources */,
				DACC86E72B6A8D4900639822 /* SelectedOption.swift in Sources */,
				DA43CE682B30B6CD00DAE0B6 /* NetworkManager.swift in Sources */,
				DA44661C2B4AE90800361071 /* Date+Extension.swift in Sources */,
				DA43CE512B30B66B00DAE0B6 /* MultiQueryModel.swift in Sources */,
				DA98C6C12B6D2DB400EF8C5B /* SocialsView.swift in Sources */,
				DA78AA302B4D7F4A008F018C /* String+Extension.swift in Sources */,
				DA8AF7502B4FF9C700C459DA /* Library.swift in Sources */,
				DA24E46C2C7166F400246681 /* LibraryView.swift in Sources */,
				DA79C8C52B63306800837DB3 /* MoreViewSections.swift in Sources */,
				DAB6E8232B63F9B30023E38D /* MainCoordinator.swift in Sources */,
				DA98C6C82B6D2DB400EF8C5B /* RatingStarsView.swift in Sources */,
				DA79C8C12B63100400837DB3 /* ColorSchemeSelections.swift in Sources */,
				DA98C6CA2B6D2DB400EF8C5B /* RatingView.swift in Sources */,
				DA43CE5B2B30B69100DAE0B6 /* MainView.swift in Sources */,
				DA24E45E2C70197800246681 /* GlassModifier.swift in Sources */,
				DA4B1BF82B43CD7E00EA3E8F /* Admin.swift in Sources */,
				DAD084252B6059A800D87112 /* PickerHeaderView.swift in Sources */,
				DACC86F22B6B95BD00639822 /* NewsOverlayView.swift in Sources */,
				DAAD3E5E2B4130A5005E8EBA /* SFModels.swift in Sources */,
				DA56E6262B677FFC003F1697 /* UIImage+Extension.swift in Sources */,
				DA43CE702B30B6F200DAE0B6 /* KeysTracker.swift in Sources */,
				DA43CE4B2B30B66B00DAE0B6 /* AccessToken.swift in Sources */,
				DA98C6C92B6D2DB400EF8C5B /* GameModesView.swift in Sources */,
				DA98C6C52B6D2DB400EF8C5B /* ImagesView.swift in Sources */,
				DAB6E8312B63FCCA0023E38D /* GamesTabCoordinator.swift in Sources */,
				DA79C8BF2B62699500837DB3 /* NewsGridItemView.swift in Sources */,
				DA44660D2B48747100361071 /* GradientMask.swift in Sources */,
			);
			runOnlyForDeploymentPostprocessing = 0;
		};
/* End PBXSourcesBuildPhase section */

/* Begin XCBuildConfiguration section */
		DA43CE252B30B61500DAE0B6 /* Debug */ = {
			isa = XCBuildConfiguration;
			buildSettings = {
				ALWAYS_SEARCH_USER_PATHS = NO;
				ASSETCATALOG_COMPILER_GENERATE_SWIFT_ASSET_SYMBOL_EXTENSIONS = YES;
				CLANG_ANALYZER_NONNULL = YES;
				CLANG_ANALYZER_NUMBER_OBJECT_CONVERSION = YES_AGGRESSIVE;
				CLANG_CXX_LANGUAGE_STANDARD = "gnu++20";
				CLANG_ENABLE_MODULES = YES;
				CLANG_ENABLE_OBJC_ARC = YES;
				CLANG_ENABLE_OBJC_WEAK = YES;
				CLANG_WARN_BLOCK_CAPTURE_AUTORELEASING = YES;
				CLANG_WARN_BOOL_CONVERSION = YES;
				CLANG_WARN_COMMA = YES;
				CLANG_WARN_CONSTANT_CONVERSION = YES;
				CLANG_WARN_DEPRECATED_OBJC_IMPLEMENTATIONS = YES;
				CLANG_WARN_DIRECT_OBJC_ISA_USAGE = YES_ERROR;
				CLANG_WARN_DOCUMENTATION_COMMENTS = YES;
				CLANG_WARN_EMPTY_BODY = YES;
				CLANG_WARN_ENUM_CONVERSION = YES;
				CLANG_WARN_INFINITE_RECURSION = YES;
				CLANG_WARN_INT_CONVERSION = YES;
				CLANG_WARN_NON_LITERAL_NULL_CONVERSION = YES;
				CLANG_WARN_OBJC_IMPLICIT_RETAIN_SELF = YES;
				CLANG_WARN_OBJC_LITERAL_CONVERSION = YES;
				CLANG_WARN_OBJC_ROOT_CLASS = YES_ERROR;
				CLANG_WARN_QUOTED_INCLUDE_IN_FRAMEWORK_HEADER = YES;
				CLANG_WARN_RANGE_LOOP_ANALYSIS = YES;
				CLANG_WARN_STRICT_PROTOTYPES = YES;
				CLANG_WARN_SUSPICIOUS_MOVE = YES;
				CLANG_WARN_UNGUARDED_AVAILABILITY = YES_AGGRESSIVE;
				CLANG_WARN_UNREACHABLE_CODE = YES;
				CLANG_WARN__DUPLICATE_METHOD_MATCH = YES;
				COPY_PHASE_STRIP = NO;
				DEBUG_INFORMATION_FORMAT = dwarf;
				ENABLE_STRICT_OBJC_MSGSEND = YES;
				ENABLE_TESTABILITY = YES;
				ENABLE_USER_SCRIPT_SANDBOXING = YES;
				GCC_C_LANGUAGE_STANDARD = gnu17;
				GCC_DYNAMIC_NO_PIC = NO;
				GCC_NO_COMMON_BLOCKS = YES;
				GCC_OPTIMIZATION_LEVEL = 0;
				GCC_PREPROCESSOR_DEFINITIONS = (
					"DEBUG=1",
					"$(inherited)",
				);
				GCC_WARN_64_TO_32_BIT_CONVERSION = YES;
				GCC_WARN_ABOUT_RETURN_TYPE = YES_ERROR;
				GCC_WARN_UNDECLARED_SELECTOR = YES;
				GCC_WARN_UNINITIALIZED_AUTOS = YES_AGGRESSIVE;
				GCC_WARN_UNUSED_FUNCTION = YES;
				GCC_WARN_UNUSED_VARIABLE = YES;
				IPHONEOS_DEPLOYMENT_TARGET = 17.0;
				LOCALIZATION_PREFERS_STRING_CATALOGS = YES;
				MTL_ENABLE_DEBUG_INFO = INCLUDE_SOURCE;
				MTL_FAST_MATH = YES;
				ONLY_ACTIVE_ARCH = YES;
				SDKROOT = iphoneos;
				SWIFT_ACTIVE_COMPILATION_CONDITIONS = "DEBUG $(inherited)";
				SWIFT_OPTIMIZATION_LEVEL = "-Onone";
			};
			name = Debug;
		};
		DA43CE262B30B61500DAE0B6 /* Release */ = {
			isa = XCBuildConfiguration;
			buildSettings = {
				ALWAYS_SEARCH_USER_PATHS = NO;
				ASSETCATALOG_COMPILER_GENERATE_SWIFT_ASSET_SYMBOL_EXTENSIONS = YES;
				CLANG_ANALYZER_NONNULL = YES;
				CLANG_ANALYZER_NUMBER_OBJECT_CONVERSION = YES_AGGRESSIVE;
				CLANG_CXX_LANGUAGE_STANDARD = "gnu++20";
				CLANG_ENABLE_MODULES = YES;
				CLANG_ENABLE_OBJC_ARC = YES;
				CLANG_ENABLE_OBJC_WEAK = YES;
				CLANG_WARN_BLOCK_CAPTURE_AUTORELEASING = YES;
				CLANG_WARN_BOOL_CONVERSION = YES;
				CLANG_WARN_COMMA = YES;
				CLANG_WARN_CONSTANT_CONVERSION = YES;
				CLANG_WARN_DEPRECATED_OBJC_IMPLEMENTATIONS = YES;
				CLANG_WARN_DIRECT_OBJC_ISA_USAGE = YES_ERROR;
				CLANG_WARN_DOCUMENTATION_COMMENTS = YES;
				CLANG_WARN_EMPTY_BODY = YES;
				CLANG_WARN_ENUM_CONVERSION = YES;
				CLANG_WARN_INFINITE_RECURSION = YES;
				CLANG_WARN_INT_CONVERSION = YES;
				CLANG_WARN_NON_LITERAL_NULL_CONVERSION = YES;
				CLANG_WARN_OBJC_IMPLICIT_RETAIN_SELF = YES;
				CLANG_WARN_OBJC_LITERAL_CONVERSION = YES;
				CLANG_WARN_OBJC_ROOT_CLASS = YES_ERROR;
				CLANG_WARN_QUOTED_INCLUDE_IN_FRAMEWORK_HEADER = YES;
				CLANG_WARN_RANGE_LOOP_ANALYSIS = YES;
				CLANG_WARN_STRICT_PROTOTYPES = YES;
				CLANG_WARN_SUSPICIOUS_MOVE = YES;
				CLANG_WARN_UNGUARDED_AVAILABILITY = YES_AGGRESSIVE;
				CLANG_WARN_UNREACHABLE_CODE = YES;
				CLANG_WARN__DUPLICATE_METHOD_MATCH = YES;
				COPY_PHASE_STRIP = NO;
				DEBUG_INFORMATION_FORMAT = "dwarf-with-dsym";
				ENABLE_NS_ASSERTIONS = NO;
				ENABLE_STRICT_OBJC_MSGSEND = YES;
				ENABLE_USER_SCRIPT_SANDBOXING = YES;
				GCC_C_LANGUAGE_STANDARD = gnu17;
				GCC_NO_COMMON_BLOCKS = YES;
				GCC_WARN_64_TO_32_BIT_CONVERSION = YES;
				GCC_WARN_ABOUT_RETURN_TYPE = YES_ERROR;
				GCC_WARN_UNDECLARED_SELECTOR = YES;
				GCC_WARN_UNINITIALIZED_AUTOS = YES_AGGRESSIVE;
				GCC_WARN_UNUSED_FUNCTION = YES;
				GCC_WARN_UNUSED_VARIABLE = YES;
				IPHONEOS_DEPLOYMENT_TARGET = 17.0;
				LOCALIZATION_PREFERS_STRING_CATALOGS = YES;
				MTL_ENABLE_DEBUG_INFO = NO;
				MTL_FAST_MATH = YES;
				SDKROOT = iphoneos;
				SWIFT_COMPILATION_MODE = wholemodule;
				VALIDATE_PRODUCT = YES;
			};
			name = Release;
		};
		DA43CE282B30B61500DAE0B6 /* Debug */ = {
			isa = XCBuildConfiguration;
			buildSettings = {
				ASSETCATALOG_COMPILER_ALTERNATE_APPICON_NAMES = "AppIcon6 AppIcon5 AppIcon4 AppIcon3 AppIcon2 AppIcon1 AppIcon12 AppIcon11 AppIcon10 AppIcon9 AppIcon8 AppIcon7";
				ASSETCATALOG_COMPILER_APPICON_NAME = AppIcon;
				ASSETCATALOG_COMPILER_GLOBAL_ACCENT_COLOR_NAME = AccentColor;
				CODE_SIGN_ENTITLEMENTS = Games/Utils/Resources/Speeltuin.entitlements;
				CODE_SIGN_IDENTITY = "Apple Development";
				CODE_SIGN_STYLE = Automatic;
				CURRENT_PROJECT_VERSION = 1;
				DEVELOPMENT_ASSET_PATHS = "\"Games/Preview Content\"";
				DEVELOPMENT_TEAM = GD7GT762TS;
				ENABLE_PREVIEWS = YES;
				GENERATE_INFOPLIST_FILE = YES;
				INFOPLIST_FILE = Games/Utils/Resources/Info.plist;
				INFOPLIST_KEY_CFBundleDisplayName = Games;
				INFOPLIST_KEY_LSApplicationCategoryType = "public.app-category.utilities";
				INFOPLIST_KEY_UIApplicationSceneManifest_Generation = YES;
				INFOPLIST_KEY_UIApplicationSupportsIndirectInputEvents = YES;
				INFOPLIST_KEY_UILaunchScreen_Generation = YES;
				INFOPLIST_KEY_UISupportedInterfaceOrientations = UIInterfaceOrientationPortrait;
				IPHONEOS_DEPLOYMENT_TARGET = 17.0;
				LD_RUNPATH_SEARCH_PATHS = (
					"$(inherited)",
					"@executable_path/Frameworks",
				);
				MARKETING_VERSION = 1.02;
				PRODUCT_BUNDLE_IDENTIFIER = com.alidinc.speeltuin;
				PRODUCT_NAME = "$(TARGET_NAME)";
				SUPPORTED_PLATFORMS = "iphoneos iphonesimulator";
				SUPPORTS_MACCATALYST = NO;
				SUPPORTS_MAC_DESIGNED_FOR_IPHONE_IPAD = NO;
				SUPPORTS_XR_DESIGNED_FOR_IPHONE_IPAD = NO;
				SWIFT_EMIT_LOC_STRINGS = YES;
				SWIFT_STRICT_CONCURRENCY = minimal;
				SWIFT_VERSION = 5.0;
				TARGETED_DEVICE_FAMILY = 1;
			};
			name = Debug;
		};
		DA43CE292B30B61500DAE0B6 /* Release */ = {
			isa = XCBuildConfiguration;
			buildSettings = {
				ASSETCATALOG_COMPILER_ALTERNATE_APPICON_NAMES = "AppIcon6 AppIcon5 AppIcon4 AppIcon3 AppIcon2 AppIcon1 AppIcon12 AppIcon11 AppIcon10 AppIcon9 AppIcon8 AppIcon7";
				ASSETCATALOG_COMPILER_APPICON_NAME = AppIcon;
				ASSETCATALOG_COMPILER_GLOBAL_ACCENT_COLOR_NAME = AccentColor;
				CODE_SIGN_ENTITLEMENTS = Games/Utils/Resources/Speeltuin.entitlements;
				CODE_SIGN_IDENTITY = "Apple Development";
				CODE_SIGN_STYLE = Automatic;
				CURRENT_PROJECT_VERSION = 1;
				DEVELOPMENT_ASSET_PATHS = "\"Games/Preview Content\"";
				DEVELOPMENT_TEAM = GD7GT762TS;
				ENABLE_PREVIEWS = YES;
				GENERATE_INFOPLIST_FILE = YES;
				INFOPLIST_FILE = Games/Utils/Resources/Info.plist;
				INFOPLIST_KEY_CFBundleDisplayName = Games;
				INFOPLIST_KEY_LSApplicationCategoryType = "public.app-category.utilities";
				INFOPLIST_KEY_UIApplicationSceneManifest_Generation = YES;
				INFOPLIST_KEY_UIApplicationSupportsIndirectInputEvents = YES;
				INFOPLIST_KEY_UILaunchScreen_Generation = YES;
				INFOPLIST_KEY_UISupportedInterfaceOrientations = UIInterfaceOrientationPortrait;
				IPHONEOS_DEPLOYMENT_TARGET = 17.0;
				LD_RUNPATH_SEARCH_PATHS = (
					"$(inherited)",
					"@executable_path/Frameworks",
				);
				MARKETING_VERSION = 1.02;
				PRODUCT_BUNDLE_IDENTIFIER = com.alidinc.speeltuin;
				PRODUCT_NAME = "$(TARGET_NAME)";
				SUPPORTED_PLATFORMS = "iphoneos iphonesimulator";
				SUPPORTS_MACCATALYST = NO;
				SUPPORTS_MAC_DESIGNED_FOR_IPHONE_IPAD = NO;
				SUPPORTS_XR_DESIGNED_FOR_IPHONE_IPAD = NO;
				SWIFT_EMIT_LOC_STRINGS = YES;
				SWIFT_STRICT_CONCURRENCY = minimal;
				SWIFT_VERSION = 5.0;
				TARGETED_DEVICE_FAMILY = 1;
			};
			name = Release;
		};
/* End XCBuildConfiguration section */

/* Begin XCConfigurationList section */
		DA43CE142B30B61500DAE0B6 /* Build configuration list for PBXProject "Games" */ = {
			isa = XCConfigurationList;
			buildConfigurations = (
				DA43CE252B30B61500DAE0B6 /* Debug */,
				DA43CE262B30B61500DAE0B6 /* Release */,
			);
			defaultConfigurationIsVisible = 0;
			defaultConfigurationName = Release;
		};
		DA43CE272B30B61500DAE0B6 /* Build configuration list for PBXNativeTarget "Games" */ = {
			isa = XCConfigurationList;
			buildConfigurations = (
				DA43CE282B30B61500DAE0B6 /* Debug */,
				DA43CE292B30B61500DAE0B6 /* Release */,
			);
			defaultConfigurationIsVisible = 0;
			defaultConfigurationName = Release;
		};
/* End XCConfigurationList section */

/* Begin XCRemoteSwiftPackageReference section */
		DA4466102B49DE5000361071 /* XCRemoteSwiftPackageReference "FeedKit" */ = {
			isa = XCRemoteSwiftPackageReference;
			repositoryURL = "https://github.com/nmdias/FeedKit.git";
			requirement = {
				kind = upToNextMajorVersion;
				minimumVersion = 9.1.2;
			};
		};
		DA4B1BFE2B4460CF00EA3E8F /* XCRemoteSwiftPackageReference "connectivity" */ = {
			isa = XCRemoteSwiftPackageReference;
			repositoryURL = "https://github.com/rwbutler/connectivity";
			requirement = {
				kind = upToNextMajorVersion;
				minimumVersion = 6.1.1;
			};
		};
/* End XCRemoteSwiftPackageReference section */

/* Begin XCSwiftPackageProductDependency section */
		DA4466112B49DE5000361071 /* FeedKit */ = {
			isa = XCSwiftPackageProductDependency;
			package = DA4466102B49DE5000361071 /* XCRemoteSwiftPackageReference "FeedKit" */;
			productName = FeedKit;
		};
		DA4B1BFF2B4460CF00EA3E8F /* Connectivity */ = {
			isa = XCSwiftPackageProductDependency;
			package = DA4B1BFE2B4460CF00EA3E8F /* XCRemoteSwiftPackageReference "connectivity" */;
			productName = Connectivity;
		};
/* End XCSwiftPackageProductDependency section */
	};
	rootObject = DA43CE112B30B61500DAE0B6 /* Project object */;
}
