{
  "pins" : [
    {
      "identity" : "connectivity",
      "kind" : "remoteSourceControl",
      "location" : "https://github.com/rwbutler/connectivity",
      "state" : {
        "revision" : "baf392cd229138c268e5dbaf3ee84e6ae0876173",
        "version" : "6.1.1"
      }
    },
    {
      "identity" : "feedkit",
      "kind" : "remoteSourceControl",
      "location" : "https://github.com/nmdias/FeedKit.git",
      "state" : {
        "revision" : "68493a33d862c33c9a9f67ec729b3b7df1b20ade",
        "version" : "9.1.2"
      }
    }
  ],
  "version" : 2
}
